
Microsoft Visual Studio Solution File, Format Version 12.00
# Visual Studio Version 17
VisualStudioVersion = 17.2.32519.379
MinimumVisualStudioVersion = 10.0.40219.1
Project("{FAE04EC0-301F-11D3-BF4B-00C04F79EFBC}") = "sqlite_test", "sqlite_test\sqlite_test.csproj", "{873AE666-3F48-49B8-8688-C392DBEC169C}"
EndProject
Global
	GlobalSection(SolutionConfigurationPlatforms) = preSolution
		Debug|Any CPU = Debug|Any CPU
		Release|Any CPU = Release|Any CPU
	EndGlobalSection
	GlobalSection(ProjectConfigurationPlatforms) = postSolution
		{873AE666-3F48-49B8-8688-C392DBEC169C}.Debug|Any CPU.ActiveCfg = Debug|Any CPU
		{873AE666-3F48-49B8-8688-C392DBEC169C}.Debug|Any CPU.Build.0 = Debug|Any CPU
		{873AE666-3F48-49B8-8688-C392DBEC169C}.Release|Any CPU.ActiveCfg = Release|Any CPU
		{873AE666-3F48-49B8-8688-C392DBEC169C}.Release|Any CPU.Build.0 = Release|Any CPU
	EndGlobalSection
	GlobalSection(SolutionProperties) = preSolution
		HideSolutionNode = FALSE
	EndGlobalSection
	GlobalSection(ExtensibilityGlobals) = postSolution
		SolutionGuid = {7E12D307-A2B8-4B3C-8DF4-BD4018972BA5}
	EndGlobalSection
EndGlobal
